// !$*UTF8*$!
{
	archiveVersion = 1;
	classes = {
	};
	objectVersion = 50;
	objects = {

/* Begin PBXBuildFile section */
		1C46C7592349D94700D84D36 /* UIViewController+Extension.swift in Sources */ = {isa = PBXBuildFile; fileRef = 1C46C7582349D94700D84D36 /* UIViewController+Extension.swift */; };
		1CBFB6122348175800F775E6 /* MenuModel.swift in Sources */ = {isa = PBXBuildFile; fileRef = 1CBFB6112348175800F775E6 /* MenuModel.swift */; };
		1CBFB6142349ADFE00F775E6 /* Profile.storyboard in Resources */ = {isa = PBXBuildFile; fileRef = 1CBFB6132349ADFE00F775E6 /* Profile.storyboard */; };
		1CBFB6162349AE2300F775E6 /* ProfileViewController.swift in Sources */ = {isa = PBXBuildFile; fileRef = 1CBFB6152349AE2300F775E6 /* ProfileViewController.swift */; };
		1CC334732347FDCB004B2FBD /* ProtocolForMenu.swift in Sources */ = {isa = PBXBuildFile; fileRef = 1CC334722347FDCB004B2FBD /* ProtocolForMenu.swift */; };
		1CC73FFB2347CE7100D7BDD5 /* AppDelegate.swift in Sources */ = {isa = PBXBuildFile; fileRef = 1CC73FFA2347CE7100D7BDD5 /* AppDelegate.swift */; };
		1CC73FFD2347CE7100D7BDD5 /* SceneDelegate.swift in Sources */ = {isa = PBXBuildFile; fileRef = 1CC73FFC2347CE7100D7BDD5 /* SceneDelegate.swift */; };
		1CC740022347CE7100D7BDD5 /* Main.storyboard in Resources */ = {isa = PBXBuildFile; fileRef = 1CC740002347CE7100D7BDD5 /* Main.storyboard */; };
		1CC740042347CE7300D7BDD5 /* Assets.xcassets in Resources */ = {isa = PBXBuildFile; fileRef = 1CC740032347CE7300D7BDD5 /* Assets.xcassets */; };
		1CC740072347CE7300D7BDD5 /* LaunchScreen.storyboard in Resources */ = {isa = PBXBuildFile; fileRef = 1CC740052347CE7300D7BDD5 /* LaunchScreen.storyboard */; };
		1CC7400F2347CEB700D7BDD5 /* ContainerViewController.swift in Sources */ = {isa = PBXBuildFile; fileRef = 1CC7400E2347CEB700D7BDD5 /* ContainerViewController.swift */; };
		1CC740112347CEE800D7BDD5 /* MenuViewController.swift in Sources */ = {isa = PBXBuildFile; fileRef = 1CC740102347CEE800D7BDD5 /* MenuViewController.swift */; };
		1CC740132347CEFE00D7BDD5 /* CategoryViewController.swift in Sources */ = {isa = PBXBuildFile; fileRef = 1CC740122347CEFE00D7BDD5 /* CategoryViewController.swift */; };
		1CDB538223480B4500DD921E /* MenuTableCell.swift in Sources */ = {isa = PBXBuildFile; fileRef = 1CDB538123480B4500DD921E /* MenuTableCell.swift */; };
		1CDE9C5C23480F00004629E8 /* CaruselViewController.swift in Sources */ = {isa = PBXBuildFile; fileRef = 1CDE9C5B23480F00004629E8 /* CaruselViewController.swift */; };
		1CEF6CA82347EE8900FC6D93 /* CategoryTableViewCell.swift in Sources */ = {isa = PBXBuildFile; fileRef = 1CEF6CA72347EE8900FC6D93 /* CategoryTableViewCell.swift */; };
/* End PBXBuildFile section */

/* Begin PBXFileReference section */
		1C46C7582349D94700D84D36 /* UIViewController+Extension.swift */ = {isa = PBXFileReference; lastKnownFileType = sourcecode.swift; path = "UIViewController+Extension.swift"; sourceTree = "<group>"; };
		1CBFB6112348175800F775E6 /* MenuModel.swift */ = {isa = PBXFileReference; lastKnownFileType = sourcecode.swift; path = MenuModel.swift; sourceTree = "<group>"; };
		1CBFB6132349ADFE00F775E6 /* Profile.storyboard */ = {isa = PBXFileReference; lastKnownFileType = file.storyboard; path = Profile.storyboard; sourceTree = "<group>"; };
		1CBFB6152349AE2300F775E6 /* ProfileViewController.swift */ = {isa = PBXFileReference; lastKnownFileType = sourcecode.swift; path = ProfileViewController.swift; sourceTree = "<group>"; };
		1CC334722347FDCB004B2FBD /* ProtocolForMenu.swift */ = {isa = PBXFileReference; lastKnownFileType = sourcecode.swift; path = ProtocolForMenu.swift; sourceTree = "<group>"; };
		1CC73FF72347CE7100D7BDD5 /* EndTree.app */ = {isa = PBXFileReference; explicitFileType = wrapper.application; includeInIndex = 0; path = EndTree.app; sourceTree = BUILT_PRODUCTS_DIR; };
		1CC73FFA2347CE7100D7BDD5 /* AppDelegate.swift */ = {isa = PBXFileReference; lastKnownFileType = sourcecode.swift; path = AppDelegate.swift; sourceTree = "<group>"; };
		1CC73FFC2347CE7100D7BDD5 /* SceneDelegate.swift */ = {isa = PBXFileReference; lastKnownFileType = sourcecode.swift; path = SceneDelegate.swift; sourceTree = "<group>"; };
		1CC740012347CE7100D7BDD5 /* Base */ = {isa = PBXFileReference; lastKnownFileType = file.storyboard; name = Base; path = Base.lproj/Main.storyboard; sourceTree = "<group>"; };
		1CC740032347CE7300D7BDD5 /* Assets.xcassets */ = {isa = PBXFileReference; lastKnownFileType = folder.assetcatalog; path = Assets.xcassets; sourceTree = "<group>"; };
		1CC740062347CE7300D7BDD5 /* Base */ = {isa = PBXFileReference; lastKnownFileType = file.storyboard; name = Base; path = Base.lproj/LaunchScreen.storyboard; sourceTree = "<group>"; };
		1CC740082347CE7300D7BDD5 /* Info.plist */ = {isa = PBXFileReference; lastKnownFileType = text.plist.xml; path = Info.plist; sourceTree = "<group>"; };
		1CC7400E2347CEB700D7BDD5 /* ContainerViewController.swift */ = {isa = PBXFileReference; lastKnownFileType = sourcecode.swift; path = ContainerViewController.swift; sourceTree = "<group>"; };
		1CC740102347CEE800D7BDD5 /* MenuViewController.swift */ = {isa = PBXFileReference; lastKnownFileType = sourcecode.swift; path = MenuViewController.swift; sourceTree = "<group>"; };
		1CC740122347CEFE00D7BDD5 /* CategoryViewController.swift */ = {isa = PBXFileReference; lastKnownFileType = sourcecode.swift; path = CategoryViewController.swift; sourceTree = "<group>"; };
		1CDB538123480B4500DD921E /* MenuTableCell.swift */ = {isa = PBXFileReference; lastKnownFileType = sourcecode.swift; path = MenuTableCell.swift; sourceTree = "<group>"; };
		1CDE9C5B23480F00004629E8 /* CaruselViewController.swift */ = {isa = PBXFileReference; lastKnownFileType = sourcecode.swift; path = CaruselViewController.swift; sourceTree = "<group>"; };
		1CEF6CA72347EE8900FC6D93 /* CategoryTableViewCell.swift */ = {isa = PBXFileReference; lastKnownFileType = sourcecode.swift; path = CategoryTableViewCell.swift; sourceTree = "<group>"; };
/* End PBXFileReference section */

/* Begin PBXFrameworksBuildPhase section */
		1CC73FF42347CE7100D7BDD5 /* Frameworks */ = {
			isa = PBXFrameworksBuildPhase;
			buildActionMask = 2147483647;
			files = (
			);
			runOnlyForDeploymentPostprocessing = 0;
		};
/* End PBXFrameworksBuildPhase section */

/* Begin PBXGroup section */
		1CBFB610234816FB00F775E6 /* Models */ = {
			isa = PBXGroup;
			children = (
				1CBFB6112348175800F775E6 /* MenuModel.swift */,
			);
			path = Models;
			sourceTree = "<group>";
		};
		1CC73FEE2347CE7100D7BDD5 = {
			isa = PBXGroup;
			children = (
				1CC73FF92347CE7100D7BDD5 /* EndTree */,
				1CC73FF82347CE7100D7BDD5 /* Products */,
			);
			sourceTree = "<group>";
		};
		1CC73FF82347CE7100D7BDD5 /* Products */ = {
			isa = PBXGroup;
			children = (
				1CC73FF72347CE7100D7BDD5 /* EndTree.app */,
			);
			name = Products;
			sourceTree = "<group>";
		};
		1CC73FF92347CE7100D7BDD5 /* EndTree */ = {
			isa = PBXGroup;
			children = (
				1CDB538323480B5A00DD921E /* Protocols */,
				1CEF6CA92347EE8E00FC6D93 /* Cell */,
				1CC740142347CF2100D7BDD5 /* Controllers */,
				1CC73FFA2347CE7100D7BDD5 /* AppDelegate.swift */,
				1CC73FFC2347CE7100D7BDD5 /* SceneDelegate.swift */,
				1CBFB610234816FB00F775E6 /* Models */,
				1CC740002347CE7100D7BDD5 /* Main.storyboard */,
				1CBFB6132349ADFE00F775E6 /* Profile.storyboard */,
				1CC740032347CE7300D7BDD5 /* Assets.xcassets */,
				1CC740052347CE7300D7BDD5 /* LaunchScreen.storyboard */,
				1CC740082347CE7300D7BDD5 /* Info.plist */,
			);
			path = EndTree;
			sourceTree = "<group>";
		};
		1CC740142347CF2100D7BDD5 /* Controllers */ = {
			isa = PBXGroup;
			children = (
				1CBFB6152349AE2300F775E6 /* ProfileViewController.swift */,
				1CDE9C5B23480F00004629E8 /* CaruselViewController.swift */,
				1CC740102347CEE800D7BDD5 /* MenuViewController.swift */,
				1CC740122347CEFE00D7BDD5 /* CategoryViewController.swift */,
				1CC7400E2347CEB700D7BDD5 /* ContainerViewController.swift */,
			);
			path = Controllers;
			sourceTree = "<group>";
		};
		1CDB538323480B5A00DD921E /* Protocols */ = {
			isa = PBXGroup;
			children = (
				1C46C7582349D94700D84D36 /* UIViewController+Extension.swift */,
				1CC334722347FDCB004B2FBD /* ProtocolForMenu.swift */,
			);
			path = Protocols;
			sourceTree = "<group>";
		};
		1CEF6CA92347EE8E00FC6D93 /* Cell */ = {
			isa = PBXGroup;
			children = (
				1CDB538123480B4500DD921E /* MenuTableCell.swift */,
				1CEF6CA72347EE8900FC6D93 /* CategoryTableViewCell.swift */,
			);
			path = Cell;
			sourceTree = "<group>";
		};
/* End PBXGroup section */

/* Begin PBXNativeTarget section */
		1CC73FF62347CE7100D7BDD5 /* EndTree */ = {
			isa = PBXNativeTarget;
			buildConfigurationList = 1CC7400B2347CE7300D7BDD5 /* Build configuration list for PBXNativeTarget "EndTree" */;
			buildPhases = (
				1CC73FF32347CE7100D7BDD5 /* Sources */,
				1CC73FF42347CE7100D7BDD5 /* Frameworks */,
				1CC73FF52347CE7100D7BDD5 /* Resources */,
			);
			buildRules = (
			);
			dependencies = (
			);
			name = EndTree;
			productName = EndTree;
			productReference = 1CC73FF72347CE7100D7BDD5 /* EndTree.app */;
			productType = "com.apple.product-type.application";
		};
/* End PBXNativeTarget section */

/* Begin PBXProject section */
		1CC73FEF2347CE7100D7BDD5 /* Project object */ = {
			isa = PBXProject;
			attributes = {
				LastSwiftUpdateCheck = 1100;
				LastUpgradeCheck = 1100;
				ORGANIZATIONNAME = "Сергей Косилов";
				TargetAttributes = {
					1CC73FF62347CE7100D7BDD5 = {
						CreatedOnToolsVersion = 11.0;
					};
				};
			};
			buildConfigurationList = 1CC73FF22347CE7100D7BDD5 /* Build configuration list for PBXProject "EndTree" */;
			compatibilityVersion = "Xcode 9.3";
			developmentRegion = en;
			hasScannedForEncodings = 0;
			knownRegions = (
				en,
				Base,
			);
			mainGroup = 1CC73FEE2347CE7100D7BDD5;
			productRefGroup = 1CC73FF82347CE7100D7BDD5 /* Products */;
			projectDirPath = "";
			projectRoot = "";
			targets = (
				1CC73FF62347CE7100D7BDD5 /* EndTree */,
			);
		};
/* End PBXProject section */

/* Begin PBXResourcesBuildPhase section */
		1CC73FF52347CE7100D7BDD5 /* Resources */ = {
			isa = PBXResourcesBuildPhase;
			buildActionMask = 2147483647;
			files = (
				1CC740072347CE7300D7BDD5 /* LaunchScreen.storyboard in Resources */,
				1CC740042347CE7300D7BDD5 /* Assets.xcassets in Resources */,
				1CBFB6142349ADFE00F775E6 /* Profile.storyboard in Resources */,
				1CC740022347CE7100D7BDD5 /* Main.storyboard in Resources */,
			);
			runOnlyForDeploymentPostprocessing = 0;
		};
/* End PBXResourcesBuildPhase section */

/* Begin PBXSourcesBuildPhase section */
		1CC73FF32347CE7100D7BDD5 /* Sources */ = {
			isa = PBXSourcesBuildPhase;
			buildActionMask = 2147483647;
			files = (
				1CDB538223480B4500DD921E /* MenuTableCell.swift in Sources */,
				1CC740112347CEE800D7BDD5 /* MenuViewController.swift in Sources */,
				1C46C7592349D94700D84D36 /* UIViewController+Extension.swift in Sources */,
				1CBFB6122348175800F775E6 /* MenuModel.swift in Sources */,
				1CC73FFB2347CE7100D7BDD5 /* AppDelegate.swift in Sources */,
				1CDE9C5C23480F00004629E8 /* CaruselViewController.swift in Sources */,
				1CC7400F2347CEB700D7BDD5 /* ContainerViewController.swift in Sources */,
				1CBFB6162349AE2300F775E6 /* ProfileViewController.swift in Sources */,
				1CEF6CA82347EE8900FC6D93 /* CategoryTableViewCell.swift in Sources */,
				1CC740132347CEFE00D7BDD5 /* CategoryViewController.swift in Sources */,
				1CC334732347FDCB004B2FBD /* ProtocolForMenu.swift in Sources */,
				1CC73FFD2347CE7100D7BDD5 /* SceneDelegate.swift in Sources */,
			);
			runOnlyForDeploymentPostprocessing = 0;
		};
/* End PBXSourcesBuildPhase section */

/* Begin PBXVariantGroup section */
		1CC740002347CE7100D7BDD5 /* Main.storyboard */ = {
			isa = PBXVariantGroup;
			children = (
				1CC740012347CE7100D7BDD5 /* Base */,
			);
			name = Main.storyboard;
			sourceTree = "<group>";
		};
		1CC740052347CE7300D7BDD5 /* LaunchScreen.storyboard */ = {
			isa = PBXVariantGroup;
			children = (
				1CC740062347CE7300D7BDD5 /* Base */,
			);
			name = LaunchScreen.storyboard;
			sourceTree = "<group>";
		};
/* End PBXVariantGroup section */

/* Begin XCBuildConfiguration section */
		1CC740092347CE7300D7BDD5 /* Debug */ = {
			isa = XCBuildConfiguration;
			buildSettings = {
				ALWAYS_SEARCH_USER_PATHS = NO;
				CLANG_ANALYZER_NONNULL = YES;
				CLANG_ANALYZER_NUMBER_OBJECT_CONVERSION = YES_AGGRESSIVE;
				CLANG_CXX_LANGUAGE_STANDARD = "gnu++14";
				CLANG_CXX_LIBRARY = "libc++";
				CLANG_ENABLE_MODULES = YES;
				CLANG_ENABLE_OBJC_ARC = YES;
				CLANG_ENABLE_OBJC_WEAK = YES;
				CLANG_WARN_BLOCK_CAPTURE_AUTORELEASING = YES;
				CLANG_WARN_BOOL_CONVERSION = YES;
				CLANG_WARN_COMMA = YES;
				CLANG_WARN_CONSTANT_CONVERSION = YES;
				CLANG_WARN_DEPRECATED_OBJC_IMPLEMENTATIONS = YES;
				CLANG_WARN_DIRECT_OBJC_ISA_USAGE = YES_ERROR;
				CLANG_WARN_DOCUMENTATION_COMMENTS = YES;
				CLANG_WARN_EMPTY_BODY = YES;
				CLANG_WARN_ENUM_CONVERSION = YES;
				CLANG_WARN_INFINITE_RECURSION = YES;
				CLANG_WARN_INT_CONVERSION = YES;
				CLANG_WARN_NON_LITERAL_NULL_CONVERSION = YES;
				CLANG_WARN_OBJC_IMPLICIT_RETAIN_SELF = YES;
				CLANG_WARN_OBJC_LITERAL_CONVERSION = YES;
				CLANG_WARN_OBJC_ROOT_CLASS = YES_ERROR;
				CLANG_WARN_RANGE_LOOP_ANALYSIS = YES;
				CLANG_WARN_STRICT_PROTOTYPES = YES;
				CLANG_WARN_SUSPICIOUS_MOVE = YES;
				CLANG_WARN_UNGUARDED_AVAILABILITY = YES_AGGRESSIVE;
				CLANG_WARN_UNREACHABLE_CODE = YES;
				CLANG_WARN__DUPLICATE_METHOD_MATCH = YES;
				COPY_PHASE_STRIP = NO;
				DEBUG_INFORMATION_FORMAT = dwarf;
				ENABLE_STRICT_OBJC_MSGSEND = YES;
				ENABLE_TESTABILITY = YES;
				GCC_C_LANGUAGE_STANDARD = gnu11;
				GCC_DYNAMIC_NO_PIC = NO;
				GCC_NO_COMMON_BLOCKS = YES;
				GCC_OPTIMIZATION_LEVEL = 0;
				GCC_PREPROCESSOR_DEFINITIONS = (
					"DEBUG=1",
					"$(inherited)",
				);
				GCC_WARN_64_TO_32_BIT_CONVERSION = YES;
				GCC_WARN_ABOUT_RETURN_TYPE = YES_ERROR;
				GCC_WARN_UNDECLARED_SELECTOR = YES;
				GCC_WARN_UNINITIALIZED_AUTOS = YES_AGGRESSIVE;
				GCC_WARN_UNUSED_FUNCTION = YES;
				GCC_WARN_UNUSED_VARIABLE = YES;
				IPHONEOS_DEPLOYMENT_TARGET = 13.0;
				MTL_ENABLE_DEBUG_INFO = INCLUDE_SOURCE;
				MTL_FAST_MATH = YES;
				ONLY_ACTIVE_ARCH = YES;
				SDKROOT = iphoneos;
				SWIFT_ACTIVE_COMPILATION_CONDITIONS = DEBUG;
				SWIFT_OPTIMIZATION_LEVEL = "-Onone";
			};
			name = Debug;
		};
		1CC7400A2347CE7300D7BDD5 /* Release */ = {
			isa = XCBuildConfiguration;
			buildSettings = {
				ALWAYS_SEARCH_USER_PATHS = NO;
				CLANG_ANALYZER_NONNULL = YES;
				CLANG_ANALYZER_NUMBER_OBJECT_CONVERSION = YES_AGGRESSIVE;
				CLANG_CXX_LANGUAGE_STANDARD = "gnu++14";
				CLANG_CXX_LIBRARY = "libc++";
				CLANG_ENABLE_MODULES = YES;
				CLANG_ENABLE_OBJC_ARC = YES;
				CLANG_ENABLE_OBJC_WEAK = YES;
				CLANG_WARN_BLOCK_CAPTURE_AUTORELEASING = YES;
				CLANG_WARN_BOOL_CONVERSION = YES;
				CLANG_WARN_COMMA = YES;
				CLANG_WARN_CONSTANT_CONVERSION = YES;
				CLANG_WARN_DEPRECATED_OBJC_IMPLEMENTATIONS = YES;
				CLANG_WARN_DIRECT_OBJC_ISA_USAGE = YES_ERROR;
				CLANG_WARN_DOCUMENTATION_COMMENTS = YES;
				CLANG_WARN_EMPTY_BODY = YES;
				CLANG_WARN_ENUM_CONVERSION = YES;
				CLANG_WARN_INFINITE_RECURSION = YES;
				CLANG_WARN_INT_CONVERSION = YES;
				CLANG_WARN_NON_LITERAL_NULL_CONVERSION = YES;
				CLANG_WARN_OBJC_IMPLICIT_RETAIN_SELF = YES;
				CLANG_WARN_OBJC_LITERAL_CONVERSION = YES;
				CLANG_WARN_OBJC_ROOT_CLASS = YES_ERROR;
				CLANG_WARN_RANGE_LOOP_ANALYSIS = YES;
				CLANG_WARN_STRICT_PROTOTYPES = YES;
				CLANG_WARN_SUSPICIOUS_MOVE = YES;
				CLANG_WARN_UNGUARDED_AVAILABILITY = YES_AGGRESSIVE;
				CLANG_WARN_UNREACHABLE_CODE = YES;
				CLANG_WARN__DUPLICATE_METHOD_MATCH = YES;
				COPY_PHASE_STRIP = NO;
				DEBUG_INFORMATION_FORMAT = "dwarf-with-dsym";
				ENABLE_NS_ASSERTIONS = NO;
				ENABLE_STRICT_OBJC_MSGSEND = YES;
				GCC_C_LANGUAGE_STANDARD = gnu11;
				GCC_NO_COMMON_BLOCKS = YES;
				GCC_WARN_64_TO_32_BIT_CONVERSION = YES;
				GCC_WARN_ABOUT_RETURN_TYPE = YES_ERROR;
				GCC_WARN_UNDECLARED_SELECTOR = YES;
				GCC_WARN_UNINITIALIZED_AUTOS = YES_AGGRESSIVE;
				GCC_WARN_UNUSED_FUNCTION = YES;
				GCC_WARN_UNUSED_VARIABLE = YES;
				IPHONEOS_DEPLOYMENT_TARGET = 13.0;
				MTL_ENABLE_DEBUG_INFO = NO;
				MTL_FAST_MATH = YES;
				SDKROOT = iphoneos;
				SWIFT_COMPILATION_MODE = wholemodule;
				SWIFT_OPTIMIZATION_LEVEL = "-O";
				VALIDATE_PRODUCT = YES;
			};
			name = Release;
		};
		1CC7400C2347CE7300D7BDD5 /* Debug */ = {
			isa = XCBuildConfiguration;
			buildSettings = {
				ASSETCATALOG_COMPILER_APPICON_NAME = AppIcon;
				CODE_SIGN_STYLE = Automatic;
				INFOPLIST_FILE = EndTree/Info.plist;
				LD_RUNPATH_SEARCH_PATHS = (
					"$(inherited)",
					"@executable_path/Frameworks",
				);
				PRODUCT_BUNDLE_IDENTIFIER = "Sergey-Kosilov.EndTree";
				PRODUCT_NAME = "$(TARGET_NAME)";
				SWIFT_VERSION = 5.0;
				TARGETED_DEVICE_FAMILY = "1,2";
			};
			name = Debug;
		};
		1CC7400D2347CE7300D7BDD5 /* Release */ = {
			isa = XCBuildConfiguration;
			buildSettings = {
				ASSETCATALOG_COMPILER_APPICON_NAME = AppIcon;
				CODE_SIGN_STYLE = Automatic;
				INFOPLIST_FILE = EndTree/Info.plist;
				LD_RUNPATH_SEARCH_PATHS = (
					"$(inherited)",
					"@executable_path/Frameworks",
				);
				PRODUCT_BUNDLE_IDENTIFIER = "Sergey-Kosilov.EndTree";
				PRODUCT_NAME = "$(TARGET_NAME)";
				SWIFT_VERSION = 5.0;
				TARGETED_DEVICE_FAMILY = "1,2";
			};
			name = Release;
		};
/* End XCBuildConfiguration section */

/* Begin XCConfigurationList section */
		1CC73FF22347CE7100D7BDD5 /* Build configuration list for PBXProject "EndTree" */ = {
			isa = XCConfigurationList;
			buildConfigurations = (
				1CC740092347CE7300D7BDD5 /* Debug */,
				1CC7400A2347CE7300D7BDD5 /* Release */,
			);
			defaultConfigurationIsVisible = 0;
			defaultConfigurationName = Release;
		};
		1CC7400B2347CE7300D7BDD5 /* Build configuration list for PBXNativeTarget "EndTree" */ = {
			isa = XCConfigurationList;
			buildConfigurations = (
				1CC7400C2347CE7300D7BDD5 /* Debug */,
				1CC7400D2347CE7300D7BDD5 /* Release */,
			);
			defaultConfigurationIsVisible = 0;
			defaultConfigurationName = Release;
		};
/* End XCConfigurationList section */
	};
	rootObject = 1CC73FEF2347CE7100D7BDD5 /* Project object */;
}
